
Microsoft Visual Studio Solution File, Format Version 12.00
# Visual Studio Version 16
VisualStudioVersion = 16.0.29613.14
MinimumVisualStudioVersion = 10.0.40219.1
Project("{FAE04EC0-301F-11D3-BF4B-00C04F79EFBC}") = "PizzaOrderSystem", "PizzaOrderSystem.csproj", "{F9B0B788-10AB-484F-BB37-F81263496B0B}"
EndProject
Project("{FAE04EC0-301F-11D3-BF4B-00C04F79EFBC}") = "PizzaOrderSystemRepository", "..\PizzaOrderSystemRepository\PizzaOrderSystemRepository.csproj", "{893952D1-C807-4144-AFD8-D5D7CC096B60}"
EndProject
Global
	GlobalSection(SolutionConfigurationPlatforms) = preSolution
		Debug|Any CPU = Debug|Any CPU
		Release|Any CPU = Release|Any CPU
	EndGlobalSection
	GlobalSection(ProjectConfigurationPlatforms) = postSolution
		{F9B0B788-10AB-484F-BB37-F81263496B0B}.Debug|Any CPU.ActiveCfg = Debug|Any CPU
		{F9B0B788-10AB-484F-BB37-F81263496B0B}.Debug|Any CPU.Build.0 = Debug|Any CPU
		{F9B0B788-10AB-484F-BB37-F81263496B0B}.Release|Any CPU.ActiveCfg = Release|Any CPU
		{F9B0B788-10AB-484F-BB37-F81263496B0B}.Release|Any CPU.Build.0 = Release|Any CPU
		{893952D1-C807-4144-AFD8-D5D7CC096B60}.Debug|Any CPU.ActiveCfg = Debug|Any CPU
		{893952D1-C807-4144-AFD8-D5D7CC096B60}.Debug|Any CPU.Build.0 = Debug|Any CPU
		{893952D1-C807-4144-AFD8-D5D7CC096B60}.Release|Any CPU.ActiveCfg = Release|Any CPU
		{893952D1-C807-4144-AFD8-D5D7CC096B60}.Release|Any CPU.Build.0 = Release|Any CPU
	EndGlobalSection
	GlobalSection(SolutionProperties) = preSolution
		HideSolutionNode = FALSE
	EndGlobalSection
	GlobalSection(ExtensibilityGlobals) = postSolution
		SolutionGuid = {79EE77C8-E92A-4803-8E7B-841E08791C8B}
	EndGlobalSection
EndGlobal
